
Microsoft Visual Studio Solution File, Format Version 12.00
# Visual Studio Version 17
VisualStudioVersion = 17.13.35825.156 d17.13
MinimumVisualStudioVersion = 10.0.40219.1
Project("{FAE04EC0-301F-11D3-BF4B-00C04F79EFBC}") = "Week12-Iemanja", "Week12-Iemanja\Week12-Iemanja.csproj", "{D88381FD-0A41-4A5F-BA20-B59C37B6E37E}"
EndProject
Global
	GlobalSection(SolutionConfigurationPlatforms) = preSolution
		Debug|Any CPU = Debug|Any CPU
		Release|Any CPU = Release|Any CPU
	EndGlobalSection
	GlobalSection(ProjectConfigurationPlatforms) = postSolution
		{D88381FD-0A41-4A5F-BA20-B59C37B6E37E}.Debug|Any CPU.ActiveCfg = Debug|Any CPU
		{D88381FD-0A41-4A5F-BA20-B59C37B6E37E}.Debug|Any CPU.Build.0 = Debug|Any CPU
		{D88381FD-0A41-4A5F-BA20-B59C37B6E37E}.Release|Any CPU.ActiveCfg = Release|Any CPU
		{D88381FD-0A41-4A5F-BA20-B59C37B6E37E}.Release|Any CPU.Build.0 = Release|Any CPU
	EndGlobalSection
	GlobalSection(SolutionProperties) = preSolution
		HideSolutionNode = FALSE
	EndGlobalSection
	GlobalSection(ExtensibilityGlobals) = postSolution
		SolutionGuid = {58EF36C6-F5A9-41DC-9719-753FDF2B23C1}
	EndGlobalSection
EndGlobal
